
Microsoft Visual Studio Solution File, Format Version 12.00
# Visual Studio Version 17
VisualStudioVersion = 17.13.35818.85
MinimumVisualStudioVersion = 10.0.40219.1
Project("{FAE04EC0-301F-11D3-BF4B-00C04F79EFBC}") = "DnDEncounterGenerator", "DnDEncounterGenerator\DnDEncounterGenerator\DnDEncounterGenerator.csproj", "{D9233DB4-3824-47AC-9C84-876067E0800C}"
EndProject
Project("{FAE04EC0-301F-11D3-BF4B-00C04F79EFBC}") = "DnDEncounterGenerator.Client", "DnDEncounterGenerator\DnDEncounterGenerator.Client\DnDEncounterGenerator.Client.csproj", "{2ABADF95-D9DE-4DB7-8801-553CFB606143}"
EndProject
Project("{FAE04EC0-301F-11D3-BF4B-00C04F79EFBC}") = "DnDEncounterGenerator.Console", "DnDEncounterGenerator.Console\DnDEncounterGenerator.Console.csproj", "{4622FE4F-BC4C-4F1B-B863-6D0A08B49B3F}"
EndProject
Project("{FAE04EC0-301F-11D3-BF4B-00C04F79EFBC}") = "DnDEncounterGenerator.Shared", "DnDEncounterGenerator.Shared\DnDEncounterGenerator.Shared.csproj", "{B787D2F6-CD4A-444C-83AE-5AC795461697}"
EndProject
Project("{FAE04EC0-301F-11D3-BF4B-00C04F79EFBC}") = "DnDEncounterGenerator.Api", "DnDEncounterGenerator.Api\DnDEncounterGenerator.Api.csproj", "{86CF8785-9A91-43B9-AD79-7DF724977B64}"
EndProject
Global
	GlobalSection(SolutionConfigurationPlatforms) = preSolution
		Debug|Any CPU = Debug|Any CPU
		Release|Any CPU = Release|Any CPU
	EndGlobalSection
	GlobalSection(ProjectConfigurationPlatforms) = postSolution
		{D9233DB4-3824-47AC-9C84-876067E0800C}.Debug|Any CPU.ActiveCfg = Debug|Any CPU
		{D9233DB4-3824-47AC-9C84-876067E0800C}.Debug|Any CPU.Build.0 = Debug|Any CPU
		{D9233DB4-3824-47AC-9C84-876067E0800C}.Release|Any CPU.ActiveCfg = Release|Any CPU
		{D9233DB4-3824-47AC-9C84-876067E0800C}.Release|Any CPU.Build.0 = Release|Any CPU
		{2ABADF95-D9DE-4DB7-8801-553CFB606143}.Debug|Any CPU.ActiveCfg = Debug|Any CPU
		{2ABADF95-D9DE-4DB7-8801-553CFB606143}.Debug|Any CPU.Build.0 = Debug|Any CPU
		{2ABADF95-D9DE-4DB7-8801-553CFB606143}.Release|Any CPU.ActiveCfg = Release|Any CPU
		{2ABADF95-D9DE-4DB7-8801-553CFB606143}.Release|Any CPU.Build.0 = Release|Any CPU
		{4622FE4F-BC4C-4F1B-B863-6D0A08B49B3F}.Debug|Any CPU.ActiveCfg = Debug|Any CPU
		{4622FE4F-BC4C-4F1B-B863-6D0A08B49B3F}.Debug|Any CPU.Build.0 = Debug|Any CPU
		{4622FE4F-BC4C-4F1B-B863-6D0A08B49B3F}.Release|Any CPU.ActiveCfg = Release|Any CPU
		{4622FE4F-BC4C-4F1B-B863-6D0A08B49B3F}.Release|Any CPU.Build.0 = Release|Any CPU
		{B787D2F6-CD4A-444C-83AE-5AC795461697}.Debug|Any CPU.ActiveCfg = Debug|Any CPU
		{B787D2F6-CD4A-444C-83AE-5AC795461697}.Debug|Any CPU.Build.0 = Debug|Any CPU
		{B787D2F6-CD4A-444C-83AE-5AC795461697}.Release|Any CPU.ActiveCfg = Release|Any CPU
		{B787D2F6-CD4A-444C-83AE-5AC795461697}.Release|Any CPU.Build.0 = Release|Any CPU
		{86CF8785-9A91-43B9-AD79-7DF724977B64}.Debug|Any CPU.ActiveCfg = Debug|Any CPU
		{86CF8785-9A91-43B9-AD79-7DF724977B64}.Debug|Any CPU.Build.0 = Debug|Any CPU
		{86CF8785-9A91-43B9-AD79-7DF724977B64}.Release|Any CPU.ActiveCfg = Release|Any CPU
		{86CF8785-9A91-43B9-AD79-7DF724977B64}.Release|Any CPU.Build.0 = Release|Any CPU
	EndGlobalSection
	GlobalSection(SolutionProperties) = preSolution
		HideSolutionNode = FALSE
	EndGlobalSection
	GlobalSection(ExtensibilityGlobals) = postSolution
		SolutionGuid = {60388205-AA1B-4A25-8ED8-1B121EE76343}
	EndGlobalSection
EndGlobal
